
Microsoft Visual Studio Solution File, Format Version 12.00
# Visual Studio Version 17
VisualStudioVersion = 17.1.32210.238
MinimumVisualStudioVersion = 10.0.40219.1
Project("{FAE04EC0-301F-11D3-BF4B-00C04F79EFBC}") = "Kanban", "Kanban.csproj", "{B678EFEB-2DD5-41BE-B8CC-E58DC476E54E}"
EndProject
Global
	GlobalSection(SolutionConfigurationPlatforms) = preSolution
		Debug|Any CPU = Debug|Any CPU
		Release|Any CPU = Release|Any CPU
	EndGlobalSection
	GlobalSection(ProjectConfigurationPlatforms) = postSolution
		{B678EFEB-2DD5-41BE-B8CC-E58DC476E54E}.Debug|Any CPU.ActiveCfg = Debug|Any CPU
		{B678EFEB-2DD5-41BE-B8CC-E58DC476E54E}.Debug|Any CPU.Build.0 = Debug|Any CPU
		{B678EFEB-2DD5-41BE-B8CC-E58DC476E54E}.Release|Any CPU.ActiveCfg = Release|Any CPU
		{B678EFEB-2DD5-41BE-B8CC-E58DC476E54E}.Release|Any CPU.Build.0 = Release|Any CPU
	EndGlobalSection
	GlobalSection(SolutionProperties) = preSolution
		HideSolutionNode = FALSE
	EndGlobalSection
	GlobalSection(ExtensibilityGlobals) = postSolution
		SolutionGuid = {C9EF9F5B-A4AB-4AA0-BBE8-7D2095D234D9}
	EndGlobalSection
EndGlobal
